
Microsoft Visual Studio Solution File, Format Version 12.00
# Visual Studio Version 17
VisualStudioVersion = 17.4.33213.308
MinimumVisualStudioVersion = 10.0.40219.1
Project("{8BC9CEB8-8B4A-11D0-8D11-00A0C91BC942}") = "CS 1410", "CS1410 In Class Project\CS1410 In Class Project.vcxproj", "{B4828CDA-FA0D-4385-A0DA-FE42DDCFB433}"
EndProject
Project("{8BC9CEB8-8B4A-11D0-8D11-00A0C91BC942}") = "Restaurant Bill Calc", "Restaurant Bill Calc\Restaurant Bill Calc.vcxproj", "{25C49D4F-632B-4938-BFDE-3FB48131DDBB}"
EndProject
Project("{8BC9CEB8-8B4A-11D0-8D11-00A0C91BC942}") = "Circuit Price", "Circuit Price\Circuit Price.vcxproj", "{2AD0E2FC-8F71-485B-82C4-D63E0AA403AF}"
EndProject
Project("{8BC9CEB8-8B4A-11D0-8D11-00A0C91BC942}") = "Programming Assignment 1", "Programming Assignment 1\Programming Assignment 1.vcxproj", "{CB616AAC-E3CD-4AE1-87F9-DCE1ADFCB924}"
EndProject
Project("{8BC9CEB8-8B4A-11D0-8D11-00A0C91BC942}") = "Programming Assignment 2", "Programming Assignment 2\Programming Assignment 2.vcxproj", "{F8A38CF5-D273-4C79-8FA4-D646F4738CB8}"
EndProject
Project("{8BC9CEB8-8B4A-11D0-8D11-00A0C91BC942}") = "Programming Assignment 3", "Programming Assignment 3\Programming Assignment 3.vcxproj", "{68AD7A07-A6FB-4F3B-AF7D-FF3C3C0E0199}"
EndProject
Project("{8BC9CEB8-8B4A-11D0-8D11-00A0C91BC942}") = "Programming Assignment 4", "Programming Assignment 4\Programming Assignment 4.vcxproj", "{9E56CCBF-3934-40C3-B3DF-B75FC10BCAB6}"
EndProject
Global
	GlobalSection(SolutionConfigurationPlatforms) = preSolution
		Debug|x64 = Debug|x64
		Debug|x86 = Debug|x86
		Release|x64 = Release|x64
		Release|x86 = Release|x86
	EndGlobalSection
	GlobalSection(ProjectConfigurationPlatforms) = postSolution
		{B4828CDA-FA0D-4385-A0DA-FE42DDCFB433}.Debug|x64.ActiveCfg = Debug|x64
		{B4828CDA-FA0D-4385-A0DA-FE42DDCFB433}.Debug|x64.Build.0 = Debug|x64
		{B4828CDA-FA0D-4385-A0DA-FE42DDCFB433}.Debug|x86.ActiveCfg = Debug|Win32
		{B4828CDA-FA0D-4385-A0DA-FE42DDCFB433}.Debug|x86.Build.0 = Debug|Win32
		{B4828CDA-FA0D-4385-A0DA-FE42DDCFB433}.Release|x64.ActiveCfg = Release|x64
		{B4828CDA-FA0D-4385-A0DA-FE42DDCFB433}.Release|x64.Build.0 = Release|x64
		{B4828CDA-FA0D-4385-A0DA-FE42DDCFB433}.Release|x86.ActiveCfg = Release|Win32
		{B4828CDA-FA0D-4385-A0DA-FE42DDCFB433}.Release|x86.Build.0 = Release|Win32
		{25C49D4F-632B-4938-BFDE-3FB48131DDBB}.Debug|x64.ActiveCfg = Debug|x64
		{25C49D4F-632B-4938-BFDE-3FB48131DDBB}.Debug|x64.Build.0 = Debug|x64
		{25C49D4F-632B-4938-BFDE-3FB48131DDBB}.Debug|x86.ActiveCfg = Debug|Win32
		{25C49D4F-632B-4938-BFDE-3FB48131DDBB}.Debug|x86.Build.0 = Debug|Win32
		{25C49D4F-632B-4938-BFDE-3FB48131DDBB}.Release|x64.ActiveCfg = Release|x64
		{25C49D4F-632B-4938-BFDE-3FB48131DDBB}.Release|x64.Build.0 = Release|x64
		{25C49D4F-632B-4938-BFDE-3FB48131DDBB}.Release|x86.ActiveCfg = Release|Win32
		{25C49D4F-632B-4938-BFDE-3FB48131DDBB}.Release|x86.Build.0 = Release|Win32
		{2AD0E2FC-8F71-485B-82C4-D63E0AA403AF}.Debug|x64.ActiveCfg = Debug|x64
		{2AD0E2FC-8F71-485B-82C4-D63E0AA403AF}.Debug|x64.Build.0 = Debug|x64
		{2AD0E2FC-8F71-485B-82C4-D63E0AA403AF}.Debug|x86.ActiveCfg = Debug|Win32
		{2AD0E2FC-8F71-485B-82C4-D63E0AA403AF}.Debug|x86.Build.0 = Debug|Win32
		{2AD0E2FC-8F71-485B-82C4-D63E0AA403AF}.Release|x64.ActiveCfg = Release|x64
		{2AD0E2FC-8F71-485B-82C4-D63E0AA403AF}.Release|x64.Build.0 = Release|x64
		{2AD0E2FC-8F71-485B-82C4-D63E0AA403AF}.Release|x86.ActiveCfg = Release|Win32
		{2AD0E2FC-8F71-485B-82C4-D63E0AA403AF}.Release|x86.Build.0 = Release|Win32
		{CB616AAC-E3CD-4AE1-87F9-DCE1ADFCB924}.Debug|x64.ActiveCfg = Debug|x64
		{CB616AAC-E3CD-4AE1-87F9-DCE1ADFCB924}.Debug|x64.Build.0 = Debug|x64
		{CB616AAC-E3CD-4AE1-87F9-DCE1ADFCB924}.Debug|x86.ActiveCfg = Debug|Win32
		{CB616AAC-E3CD-4AE1-87F9-DCE1ADFCB924}.Debug|x86.Build.0 = Debug|Win32
		{CB616AAC-E3CD-4AE1-87F9-DCE1ADFCB924}.Release|x64.ActiveCfg = Release|x64
		{CB616AAC-E3CD-4AE1-87F9-DCE1ADFCB924}.Release|x64.Build.0 = Release|x64
		{CB616AAC-E3CD-4AE1-87F9-DCE1ADFCB924}.Release|x86.ActiveCfg = Release|Win32
		{CB616AAC-E3CD-4AE1-87F9-DCE1ADFCB924}.Release|x86.Build.0 = Release|Win32
		{F8A38CF5-D273-4C79-8FA4-D646F4738CB8}.Debug|x64.ActiveCfg = Debug|x64
		{F8A38CF5-D273-4C79-8FA4-D646F4738CB8}.Debug|x64.Build.0 = Debug|x64
		{F8A38CF5-D273-4C79-8FA4-D646F4738CB8}.Debug|x86.ActiveCfg = Debug|Win32
		{F8A38CF5-D273-4C79-8FA4-D646F4738CB8}.Debug|x86.Build.0 = Debug|Win32
		{F8A38CF5-D273-4C79-8FA4-D646F4738CB8}.Release|x64.ActiveCfg = Release|x64
		{F8A38CF5-D273-4C79-8FA4-D646F4738CB8}.Release|x64.Build.0 = Release|x64
		{F8A38CF5-D273-4C79-8FA4-D646F4738CB8}.Release|x86.ActiveCfg = Release|Win32
		{F8A38CF5-D273-4C79-8FA4-D646F4738CB8}.Release|x86.Build.0 = Release|Win32
		{68AD7A07-A6FB-4F3B-AF7D-FF3C3C0E0199}.Debug|x64.ActiveCfg = Debug|x64
		{68AD7A07-A6FB-4F3B-AF7D-FF3C3C0E0199}.Debug|x64.Build.0 = Debug|x64
		{68AD7A07-A6FB-4F3B-AF7D-FF3C3C0E0199}.Debug|x86.ActiveCfg = Debug|Win32
		{68AD7A07-A6FB-4F3B-AF7D-FF3C3C0E0199}.Debug|x86.Build.0 = Debug|Win32
		{68AD7A07-A6FB-4F3B-AF7D-FF3C3C0E0199}.Release|x64.ActiveCfg = Release|x64
		{68AD7A07-A6FB-4F3B-AF7D-FF3C3C0E0199}.Release|x64.Build.0 = Release|x64
		{68AD7A07-A6FB-4F3B-AF7D-FF3C3C0E0199}.Release|x86.ActiveCfg = Release|Win32
		{68AD7A07-A6FB-4F3B-AF7D-FF3C3C0E0199}.Release|x86.Build.0 = Release|Win32
		{9E56CCBF-3934-40C3-B3DF-B75FC10BCAB6}.Debug|x64.ActiveCfg = Debug|x64
		{9E56CCBF-3934-40C3-B3DF-B75FC10BCAB6}.Debug|x64.Build.0 = Debug|x64
		{9E56CCBF-3934-40C3-B3DF-B75FC10BCAB6}.Debug|x86.ActiveCfg = Debug|Win32
		{9E56CCBF-3934-40C3-B3DF-B75FC10BCAB6}.Debug|x86.Build.0 = Debug|Win32
		{9E56CCBF-3934-40C3-B3DF-B75FC10BCAB6}.Release|x64.ActiveCfg = Release|x64
		{9E56CCBF-3934-40C3-B3DF-B75FC10BCAB6}.Release|x64.Build.0 = Release|x64
		{9E56CCBF-3934-40C3-B3DF-B75FC10BCAB6}.Release|x86.ActiveCfg = Release|Win32
		{9E56CCBF-3934-40C3-B3DF-B75FC10BCAB6}.Release|x86.Build.0 = Release|Win32
	EndGlobalSection
	GlobalSection(SolutionProperties) = preSolution
		HideSolutionNode = FALSE
	EndGlobalSection
	GlobalSection(ExtensibilityGlobals) = postSolution
		SolutionGuid = {79842E96-E8C9-4D80-B159-441D0F610433}
	EndGlobalSection
EndGlobal
